
Microsoft Visual Studio Solution File, Format Version 12.00
# Visual Studio Version 17
VisualStudioVersion = 17.9.34622.214
MinimumVisualStudioVersion = 10.0.40219.1
Project("{9A19103F-16F7-4668-BE54-9A1E7A4F7556}") = "academyems.api", "academyems.api.csproj", "{D32109FD-7511-4BD9-AD88-2DECA391B4B9}"
EndProject
Project("{FAE04EC0-301F-11D3-BF4B-00C04F79EFBC}") = "academyems.services", "..\academyems.services\academyems.services.csproj", "{3092D729-6D3C-43C4-9007-93FF06BC251B}"
EndProject
Global
	GlobalSection(SolutionConfigurationPlatforms) = preSolution
		Debug|Any CPU = Debug|Any CPU
		Release|Any CPU = Release|Any CPU
	EndGlobalSection
	GlobalSection(ProjectConfigurationPlatforms) = postSolution
		{D32109FD-7511-4BD9-AD88-2DECA391B4B9}.Debug|Any CPU.ActiveCfg = Debug|Any CPU
		{D32109FD-7511-4BD9-AD88-2DECA391B4B9}.Debug|Any CPU.Build.0 = Debug|Any CPU
		{D32109FD-7511-4BD9-AD88-2DECA391B4B9}.Release|Any CPU.ActiveCfg = Release|Any CPU
		{D32109FD-7511-4BD9-AD88-2DECA391B4B9}.Release|Any CPU.Build.0 = Release|Any CPU
		{3092D729-6D3C-43C4-9007-93FF06BC251B}.Debug|Any CPU.ActiveCfg = Debug|Any CPU
		{3092D729-6D3C-43C4-9007-93FF06BC251B}.Debug|Any CPU.Build.0 = Debug|Any CPU
		{3092D729-6D3C-43C4-9007-93FF06BC251B}.Release|Any CPU.ActiveCfg = Release|Any CPU
		{3092D729-6D3C-43C4-9007-93FF06BC251B}.Release|Any CPU.Build.0 = Release|Any CPU
	EndGlobalSection
	GlobalSection(SolutionProperties) = preSolution
		HideSolutionNode = FALSE
	EndGlobalSection
	GlobalSection(ExtensibilityGlobals) = postSolution
		SolutionGuid = {418A5F35-870B-4837-A834-3D42A30B9E6C}
	EndGlobalSection
EndGlobal
