
Microsoft Visual Studio Solution File, Format Version 12.00
# Visual Studio Version 17
VisualStudioVersion = 17.9.34622.214
MinimumVisualStudioVersion = 10.0.40219.1
Project("{9A19103F-16F7-4668-BE54-9A1E7A4F7556}") = "AcademyEMS.Api", "AcademyEMS.Api.csproj", "{D32109FD-7511-4BD9-AD88-2DECA391B4B9}"
EndProject
Project("{9A19103F-16F7-4668-BE54-9A1E7A4F7556}") = "AcademyEMS.Services", "..\academyems.services\AcademyEMS.Services.csproj", "{3092D729-6D3C-43C4-9007-93FF06BC251B}"
EndProject
Project("{9A19103F-16F7-4668-BE54-9A1E7A4F7556}") = "AcademyEMS.Repositories", "..\academyems.repositories\AcademyEMS.Repositories.csproj", "{1A1AA2E8-8D93-4D8E-8E15-4357970716DD}"
EndProject
Project("{9A19103F-16F7-4668-BE54-9A1E7A4F7556}") = "AcademyEMS.Data", "..\academyems.data\AcademyEMS.Data.csproj", "{1B52EA68-0744-4276-B99D-D6513E87062D}"
EndProject
Project("{9A19103F-16F7-4668-BE54-9A1E7A4F7556}") = "AcademyEMS.CoreDbContext", "..\academyems.dbcontext\AcademyEMS.CoreDbContext.csproj", "{581F8F0F-85C9-4683-B1A7-1E8D691852C8}"
EndProject
Global
	GlobalSection(SolutionConfigurationPlatforms) = preSolution
		Debug|Any CPU = Debug|Any CPU
		Release|Any CPU = Release|Any CPU
	EndGlobalSection
	GlobalSection(ProjectConfigurationPlatforms) = postSolution
		{D32109FD-7511-4BD9-AD88-2DECA391B4B9}.Debug|Any CPU.ActiveCfg = Debug|Any CPU
		{D32109FD-7511-4BD9-AD88-2DECA391B4B9}.Debug|Any CPU.Build.0 = Debug|Any CPU
		{D32109FD-7511-4BD9-AD88-2DECA391B4B9}.Release|Any CPU.ActiveCfg = Release|Any CPU
		{D32109FD-7511-4BD9-AD88-2DECA391B4B9}.Release|Any CPU.Build.0 = Release|Any CPU
		{3092D729-6D3C-43C4-9007-93FF06BC251B}.Debug|Any CPU.ActiveCfg = Debug|Any CPU
		{3092D729-6D3C-43C4-9007-93FF06BC251B}.Debug|Any CPU.Build.0 = Debug|Any CPU
		{3092D729-6D3C-43C4-9007-93FF06BC251B}.Release|Any CPU.ActiveCfg = Release|Any CPU
		{3092D729-6D3C-43C4-9007-93FF06BC251B}.Release|Any CPU.Build.0 = Release|Any CPU
		{1A1AA2E8-8D93-4D8E-8E15-4357970716DD}.Debug|Any CPU.ActiveCfg = Debug|Any CPU
		{1A1AA2E8-8D93-4D8E-8E15-4357970716DD}.Debug|Any CPU.Build.0 = Debug|Any CPU
		{1A1AA2E8-8D93-4D8E-8E15-4357970716DD}.Release|Any CPU.ActiveCfg = Release|Any CPU
		{1A1AA2E8-8D93-4D8E-8E15-4357970716DD}.Release|Any CPU.Build.0 = Release|Any CPU
		{1B52EA68-0744-4276-B99D-D6513E87062D}.Debug|Any CPU.ActiveCfg = Debug|Any CPU
		{1B52EA68-0744-4276-B99D-D6513E87062D}.Debug|Any CPU.Build.0 = Debug|Any CPU
		{1B52EA68-0744-4276-B99D-D6513E87062D}.Release|Any CPU.ActiveCfg = Release|Any CPU
		{1B52EA68-0744-4276-B99D-D6513E87062D}.Release|Any CPU.Build.0 = Release|Any CPU
		{581F8F0F-85C9-4683-B1A7-1E8D691852C8}.Debug|Any CPU.ActiveCfg = Debug|Any CPU
		{581F8F0F-85C9-4683-B1A7-1E8D691852C8}.Debug|Any CPU.Build.0 = Debug|Any CPU
		{581F8F0F-85C9-4683-B1A7-1E8D691852C8}.Release|Any CPU.ActiveCfg = Release|Any CPU
		{581F8F0F-85C9-4683-B1A7-1E8D691852C8}.Release|Any CPU.Build.0 = Release|Any CPU
	EndGlobalSection
	GlobalSection(SolutionProperties) = preSolution
		HideSolutionNode = FALSE
	EndGlobalSection
	GlobalSection(ExtensibilityGlobals) = postSolution
		SolutionGuid = {418A5F35-870B-4837-A834-3D42A30B9E6C}
	EndGlobalSection
EndGlobal
